<?xml version="1.0" encoding="utf-8"?>
<Project ToolsVersion="4.0" xmlns="http://schemas.microsoft.com/developer/msbuild/2003">
  <ItemGroup>
    <Filter Include="ソース ファイル">
      <UniqueIdentifier>{4FC737F1-C7A5-4376-A066-2A32D752A2FF}</UniqueIdentifier>
      <Extensions>cpp;c;cc;cxx;c++;cppm;ixx;def;odl;idl;hpj;bat;asm;asmx</Extensions>
    </Filter>
    <Filter Include="ヘッダー ファイル">
      <UniqueIdentifier>{93995380-89BD-4b04-88EB-625FBE52EBFB}</UniqueIdentifier>
      <Extensions>h;hh;hpp;hxx;h++;hm;inl;inc;ipp;xsd</Extensions>
    </Filter>
    <Filter Include="リソース ファイル">
      <UniqueIdentifier>{67DA6AB6-F800-4c08-8B7A-83BB121AAD01}</UniqueIdentifier>
      <Extensions>rc;ico;cur;bmp;dlg;rc2;rct;bin;rgs;gif;jpg;jpeg;jpe;resx;tiff;tif;png;wav;mfcribbon-ms</Extensions>
    </Filter>
    <Filter Include="ソース ファイル\System">
      <UniqueIdentifier>{4e17ff4f-a004-4e4a-9470-879b9af60429}</UniqueIdentifier>
    </Filter>
    <Filter Include="ソース ファイル\App">
      <UniqueIdentifier>{2c3db676-bf36-4efc-a80a-29f79c26d16f}</UniqueIdentifier>
    </Filter>
    <Filter Include="ヘッダー ファイル\App">
      <UniqueIdentifier>{375453a1-ead7-471e-9fe9-85ec8b5e9c71}</UniqueIdentifier>
    </Filter>
    <Filter Include="リソース ファイル\PixelShader">
      <UniqueIdentifier>{a9755fd2-e8f8-4e2e-854e-68fcfb6a9b68}</UniqueIdentifier>
    </Filter>
    <Filter Include="リソース ファイル\VertexShader">
      <UniqueIdentifier>{e4c96e83-672c-4720-aa96-8ee0c9525558}</UniqueIdentifier>
    </Filter>
    <Filter Include="ソース ファイル\DirectX">
      <UniqueIdentifier>{4e65b264-f84d-4758-867f-457aeb6ce2e2}</UniqueIdentifier>
    </Filter>
    <Filter Include="ヘッダー ファイル\DirectX">
      <UniqueIdentifier>{76d7d9cf-96c4-4ff5-a5f6-7dfd24ef09cb}</UniqueIdentifier>
    </Filter>
    <Filter Include="ヘッダー ファイル\System">
      <UniqueIdentifier>{23598e8f-8b92-47d1-ac2c-8d127274e433}</UniqueIdentifier>
    </Filter>
    <Filter Include="ソース ファイル\Camera">
      <UniqueIdentifier>{0efca9d3-009f-4c40-a37e-dfc69915d9ce}</UniqueIdentifier>
    </Filter>
    <Filter Include="ヘッダー ファイル\Camera">
      <UniqueIdentifier>{86692dcd-1f7d-4d37-82d5-d74c970203c8}</UniqueIdentifier>
    </Filter>
    <Filter Include="ヘッダー ファイル\App\Scene">
      <UniqueIdentifier>{cfd50064-4fce-471b-99e9-b63d91228841}</UniqueIdentifier>
    </Filter>
    <Filter Include="ソース ファイル\App\Scene">
      <UniqueIdentifier>{a97ea378-46d4-4960-9e47-53f660331f14}</UniqueIdentifier>
    </Filter>
    <Filter Include="ソース ファイル\System\Coolision">
      <UniqueIdentifier>{0a410ed4-cb5d-40d0-9001-ecc1bd05a00b}</UniqueIdentifier>
    </Filter>
    <Filter Include="ソース ファイル\System\Coolision\AreaCollision">
      <UniqueIdentifier>{85e64551-cf5b-42a5-9bfe-461b5519283e}</UniqueIdentifier>
    </Filter>
    <Filter Include="ヘッダー ファイル\System\Collision">
      <UniqueIdentifier>{964d0180-2c03-4ab2-8414-97b739b5781a}</UniqueIdentifier>
    </Filter>
    <Filter Include="ヘッダー ファイル\System\Collision\AreaCollision">
      <UniqueIdentifier>{266d4154-938f-4d84-b0e4-c71433c584d6}</UniqueIdentifier>
    </Filter>
    <Filter Include="ソース ファイル\Object">
      <UniqueIdentifier>{8a0e9413-6169-4202-b0b3-62565ab6d452}</UniqueIdentifier>
    </Filter>
    <Filter Include="ヘッダー ファイル\Object">
      <UniqueIdentifier>{99a70ecc-a839-4336-8fc5-1b5807b38ef2}</UniqueIdentifier>
    </Filter>
    <Filter Include="ソース ファイル\Object\Fruits">
      <UniqueIdentifier>{d7c092db-cbd9-4c36-8a90-4ae5d2bc7b26}</UniqueIdentifier>
    </Filter>
    <Filter Include="ヘッダー ファイル\Object\Fruits">
      <UniqueIdentifier>{88f50d7e-0b6f-4473-aafa-6722a9e0eb1c}</UniqueIdentifier>
    </Filter>
    <Filter Include="ソース ファイル\Player">
      <UniqueIdentifier>{11f904a3-db00-4e9e-a620-ee7e732bdebd}</UniqueIdentifier>
    </Filter>
    <Filter Include="ヘッダー ファイル\Player">
      <UniqueIdentifier>{d0edb946-4620-4c5b-a94f-4cc27acea5fb}</UniqueIdentifier>
    </Filter>
    <Filter Include="ヘッダー ファイル\System\UI">
      <UniqueIdentifier>{27d4e552-a8e8-48c9-9879-6823e6540cb2}</UniqueIdentifier>
    </Filter>
    <Filter Include="ヘッダー ファイル\System\Effect">
      <UniqueIdentifier>{0efcfa47-716a-49ea-af33-260058c14d26}</UniqueIdentifier>
    </Filter>
    <Filter Include="ソース ファイル\System\Effect">
      <UniqueIdentifier>{3b9224e2-b649-4f5e-8ed4-7d48d87b6ce1}</UniqueIdentifier>
    </Filter>
    <Filter Include="ソース ファイル\System\UI">
      <UniqueIdentifier>{2a3d64e4-ce66-49f4-b552-19f967dad295}</UniqueIdentifier>
    </Filter>
    <Filter Include="ソース ファイル\System\UI\Title">
      <UniqueIdentifier>{f8d7b209-1dcd-41de-b02d-fa0fa643a9e6}</UniqueIdentifier>
    </Filter>
    <Filter Include="ソース ファイル\System\UI\Game">
      <UniqueIdentifier>{54a48e6d-1069-46fb-8b64-13bbf1e57629}</UniqueIdentifier>
    </Filter>
    <Filter Include="ヘッダー ファイル\System\UI\Game">
      <UniqueIdentifier>{48e98ce0-79c1-4681-801c-833ee05ad2c6}</UniqueIdentifier>
    </Filter>
    <Filter Include="ヘッダー ファイル\System\UI\Title">
      <UniqueIdentifier>{92d2eefa-1231-45e8-94ca-53c121694574}</UniqueIdentifier>
    </Filter>
    <Filter Include="ヘッダー ファイル\System\UI\Result">
      <UniqueIdentifier>{2292c013-4697-44f3-89f5-a85289c2e2f9}</UniqueIdentifier>
    </Filter>
    <Filter Include="ソース ファイル\System\UI\Result">
      <UniqueIdentifier>{9410cde1-dcf7-4919-95a9-3d1f2190a1fc}</UniqueIdentifier>
    </Filter>
  </ItemGroup>
  <ItemGroup>
    <ClCompile Include="Main.cpp">
      <Filter>ソース ファイル\App</Filter>
    </ClCompile>
    <ClCompile Include="Shader.cpp">
      <Filter>ソース ファイル\DirectX</Filter>
    </ClCompile>
    <ClCompile Include="Texture.cpp">
      <Filter>ソース ファイル\DirectX</Filter>
    </ClCompile>
    <ClCompile Include="MeshBuffer.cpp">
      <Filter>ソース ファイル\DirectX</Filter>
    </ClCompile>
    <ClCompile Include="DirectX.cpp">
      <Filter>ソース ファイル\DirectX</Filter>
    </ClCompile>
    <ClCompile Include="Geometory.cpp">
      <Filter>ソース ファイル\System</Filter>
    </ClCompile>
    <ClCompile Include="Input.cpp">
      <Filter>ソース ファイル\System</Filter>
    </ClCompile>
    <ClCompile Include="Sprite.cpp">
      <Filter>ソース ファイル\System</Filter>
    </ClCompile>
    <ClCompile Include="_geometory.cpp">
      <Filter>ソース ファイル\System</Filter>
    </ClCompile>
    <ClCompile Include="Startup.cpp">
      <Filter>ソース ファイル\System</Filter>
    </ClCompile>
    <ClCompile Include="Sound.cpp">
      <Filter>ソース ファイル</Filter>
    </ClCompile>
    <ClCompile Include="_model.cpp">
      <Filter>ソース ファイル\System</Filter>
    </ClCompile>
    <ClCompile Include="Model.cpp">
      <Filter>ソース ファイル\System</Filter>
    </ClCompile>
    <ClCompile Include="CameraEvent.cpp">
      <Filter>ソース ファイル\Camera</Filter>
    </ClCompile>
    <ClCompile Include="CameraBase.cpp">
      <Filter>ソース ファイル\Camera</Filter>
    </ClCompile>
    <ClCompile Include="CameraDebug.cpp">
      <Filter>ソース ファイル\Camera</Filter>
    </ClCompile>
    <ClCompile Include="CameraPlayer.cpp">
      <Filter>ソース ファイル\Camera</Filter>
    </ClCompile>
    <ClCompile Include="SceneManager.cpp">
      <Filter>ソース ファイル\App\Scene</Filter>
    </ClCompile>
    <ClCompile Include="SceneTitle.cpp">
      <Filter>ソース ファイル\App\Scene</Filter>
    </ClCompile>
    <ClCompile Include="SceneResult.cpp">
      <Filter>ソース ファイル\App\Scene</Filter>
    </ClCompile>
    <ClCompile Include="SceneStageBase.cpp">
      <Filter>ソース ファイル\App\Scene</Filter>
    </ClCompile>
    <ClCompile Include="Collision.cpp">
      <Filter>ソース ファイル\System\Coolision</Filter>
    </ClCompile>
    <ClCompile Include="CollisionArea.cpp">
      <Filter>ソース ファイル\System\Coolision\AreaCollision</Filter>
    </ClCompile>
    <ClCompile Include="AreaGround.cpp">
      <Filter>ソース ファイル\System\Coolision\AreaCollision</Filter>
    </ClCompile>
    <ClCompile Include="AreaWall.cpp">
      <Filter>ソース ファイル\System\Coolision\AreaCollision</Filter>
    </ClCompile>
    <ClCompile Include="CollisionAreaManager.cpp">
      <Filter>ソース ファイル\System\Coolision\AreaCollision</Filter>
    </ClCompile>
    <ClCompile Include="SceneChangeArea.cpp">
      <Filter>ソース ファイル\System\Coolision\AreaCollision</Filter>
    </ClCompile>
    <ClCompile Include="Fade.cpp">
      <Filter>ソース ファイル\System</Filter>
    </ClCompile>
    <ClCompile Include="SceneGame.cpp">
      <Filter>ソース ファイル\App\Scene</Filter>
    </ClCompile>
    <ClCompile Include="Object.cpp">
      <Filter>ソース ファイル\Object</Filter>
    </ClCompile>
    <ClCompile Include="ObjectManager.cpp">
      <Filter>ソース ファイル\Object</Filter>
    </ClCompile>
    <ClCompile Include="Tree.cpp">
      <Filter>ソース ファイル\Object</Filter>
    </ClCompile>
    <ClCompile Include="WaterMelon.cpp">
      <Filter>ソース ファイル\Object\Fruits</Filter>
    </ClCompile>
    <ClCompile Include="Apple.cpp">
      <Filter>ソース ファイル\Object\Fruits</Filter>
    </ClCompile>
    <ClCompile Include="Banana.cpp">
      <Filter>ソース ファイル\Object\Fruits</Filter>
    </ClCompile>
    <ClCompile Include="Lemon.cpp">
      <Filter>ソース ファイル\Object\Fruits</Filter>
    </ClCompile>
    <ClCompile Include="Can.cpp">
      <Filter>ソース ファイル\Object</Filter>
    </ClCompile>
    <ClCompile Include="Player.cpp">
      <Filter>ソース ファイル\Player</Filter>
    </ClCompile>
    <ClCompile Include="Effect.cpp">
      <Filter>ソース ファイル\System\Effect</Filter>
    </ClCompile>
    <ClCompile Include="MoveEmitter.cpp">
      <Filter>ソース ファイル\System\Effect</Filter>
    </ClCompile>
    <ClCompile Include="Polyline.cpp">
      <Filter>ソース ファイル\System\Effect</Filter>
    </ClCompile>
    <ClCompile Include="TrailEffect.cpp">
      <Filter>ソース ファイル\System\Effect</Filter>
    </ClCompile>
    <ClCompile Include="ItemUI.cpp">
      <Filter>ソース ファイル\System\UI\Game</Filter>
    </ClCompile>
    <ClCompile Include="ScoreUI.cpp">
      <Filter>ソース ファイル\System\UI\Game</Filter>
    </ClCompile>
    <ClCompile Include="TimeUI.cpp">
      <Filter>ソース ファイル\System\UI\Game</Filter>
    </ClCompile>
    <ClCompile Include="TitleBackGround.cpp">
      <Filter>ソース ファイル\System\UI\Title</Filter>
    </ClCompile>
    <ClCompile Include="ResultBackGround.cpp">
      <Filter>ソース ファイル\System\UI\Result</Filter>
    </ClCompile>
    <ClCompile Include="TitleMozi.cpp">
      <Filter>ソース ファイル\System\UI\Title</Filter>
    </ClCompile>
    <ClCompile Include="ResultMozi.cpp">
      <Filter>ソース ファイル\System\UI\Result</Filter>
    </ClCompile>
    <ClCompile Include="ResultScore.cpp">
      <Filter>ソース ファイル\System\UI\Result</Filter>
    </ClCompile>
  </ItemGroup>
  <ItemGroup>
    <ClInclude Include="Texture.h">
      <Filter>ヘッダー ファイル\DirectX</Filter>
    </ClInclude>
    <ClInclude Include="Shader.h">
      <Filter>ヘッダー ファイル\DirectX</Filter>
    </ClInclude>
    <ClInclude Include="MeshBuffer.h">
      <Filter>ヘッダー ファイル\DirectX</Filter>
    </ClInclude>
    <ClInclude Include="Main.h">
      <Filter>ヘッダー ファイル\App</Filter>
    </ClInclude>
    <ClInclude Include="DirectX.h">
      <Filter>ヘッダー ファイル\DirectX</Filter>
    </ClInclude>
    <ClInclude Include="Geometory.h">
      <Filter>ヘッダー ファイル\System</Filter>
    </ClInclude>
    <ClInclude Include="Input.h">
      <Filter>ヘッダー ファイル\System</Filter>
    </ClInclude>
    <ClInclude Include="Sprite.h">
      <Filter>ヘッダー ファイル\System</Filter>
    </ClInclude>
    <ClInclude Include="Sound.h">
      <Filter>ヘッダー ファイル</Filter>
    </ClInclude>
    <ClInclude Include="Model.h">
      <Filter>ヘッダー ファイル\System</Filter>
    </ClInclude>
    <ClInclude Include="CameraEvent.h">
      <Filter>ヘッダー ファイル\Camera</Filter>
    </ClInclude>
    <ClInclude Include="CameraDebug.h">
      <Filter>ヘッダー ファイル\Camera</Filter>
    </ClInclude>
    <ClInclude Include="CameraBase.h">
      <Filter>ヘッダー ファイル\Camera</Filter>
    </ClInclude>
    <ClInclude Include="CameraPlayer.h">
      <Filter>ヘッダー ファイル\Camera</Filter>
    </ClInclude>
    <ClInclude Include="SceneManager.h">
      <Filter>ヘッダー ファイル\App\Scene</Filter>
    </ClInclude>
    <ClInclude Include="SceneTitle.h">
      <Filter>ヘッダー ファイル\App\Scene</Filter>
    </ClInclude>
    <ClInclude Include="SceneResult.h">
      <Filter>ヘッダー ファイル\App\Scene</Filter>
    </ClInclude>
    <ClInclude Include="SceneStageBase.h">
      <Filter>ヘッダー ファイル\App\Scene</Filter>
    </ClInclude>
    <ClInclude Include="Collision.h">
      <Filter>ヘッダー ファイル\System\Collision</Filter>
    </ClInclude>
    <ClInclude Include="CollisionArea.h">
      <Filter>ヘッダー ファイル\System\Collision\AreaCollision</Filter>
    </ClInclude>
    <ClInclude Include="AreaGround.h">
      <Filter>ヘッダー ファイル\System\Collision\AreaCollision</Filter>
    </ClInclude>
    <ClInclude Include="AreaWall.h">
      <Filter>ヘッダー ファイル\System\Collision\AreaCollision</Filter>
    </ClInclude>
    <ClInclude Include="CollisionAreaManager.h">
      <Filter>ヘッダー ファイル\System\Collision\AreaCollision</Filter>
    </ClInclude>
    <ClInclude Include="SceneChangeArea.h">
      <Filter>ヘッダー ファイル\System\Collision\AreaCollision</Filter>
    </ClInclude>
    <ClInclude Include="Fade.h">
      <Filter>ヘッダー ファイル\System</Filter>
    </ClInclude>
    <ClInclude Include="SceneGame.h">
      <Filter>ヘッダー ファイル\App\Scene</Filter>
    </ClInclude>
    <ClInclude Include="Object.h">
      <Filter>ヘッダー ファイル\Object</Filter>
    </ClInclude>
    <ClInclude Include="ObjectManager.h">
      <Filter>ヘッダー ファイル\Object</Filter>
    </ClInclude>
    <ClInclude Include="Tree.h">
      <Filter>ヘッダー ファイル\Object</Filter>
    </ClInclude>
    <ClInclude Include="WaterMelon.h">
      <Filter>ヘッダー ファイル\Object\Fruits</Filter>
    </ClInclude>
    <ClInclude Include="Apple.h">
      <Filter>ヘッダー ファイル\Object\Fruits</Filter>
    </ClInclude>
    <ClInclude Include="Banana.h">
      <Filter>ヘッダー ファイル\Object\Fruits</Filter>
    </ClInclude>
    <ClInclude Include="Lemon.h">
      <Filter>ヘッダー ファイル\Object\Fruits</Filter>
    </ClInclude>
    <ClInclude Include="Can.h">
      <Filter>ヘッダー ファイル\Object</Filter>
    </ClInclude>
    <ClInclude Include="Defines.h">
      <Filter>ヘッダー ファイル\System</Filter>
    </ClInclude>
    <ClInclude Include="Player.h">
      <Filter>ヘッダー ファイル\Player</Filter>
    </ClInclude>
    <ClInclude Include="Effect.h">
      <Filter>ヘッダー ファイル\System\Effect</Filter>
    </ClInclude>
    <ClInclude Include="MoveEmitter.h">
      <Filter>ヘッダー ファイル\System\Effect</Filter>
    </ClInclude>
    <ClInclude Include="Polyline.h">
      <Filter>ヘッダー ファイル\System\Effect</Filter>
    </ClInclude>
    <ClInclude Include="TrailEffect.h">
      <Filter>ヘッダー ファイル\System\Effect</Filter>
    </ClInclude>
    <ClInclude Include="TimeUI.h">
      <Filter>ヘッダー ファイル\System\UI\Game</Filter>
    </ClInclude>
    <ClInclude Include="ItemUI.h">
      <Filter>ヘッダー ファイル\System\UI\Game</Filter>
    </ClInclude>
    <ClInclude Include="ScoreUI.h">
      <Filter>ヘッダー ファイル\System\UI\Game</Filter>
    </ClInclude>
    <ClInclude Include="TitleBackGround.h">
      <Filter>ヘッダー ファイル\System\UI\Title</Filter>
    </ClInclude>
    <ClInclude Include="ResultBackGround.h">
      <Filter>ヘッダー ファイル\System\UI\Result</Filter>
    </ClInclude>
    <ClInclude Include="TitleMozi.h">
      <Filter>ヘッダー ファイル\System\UI\Title</Filter>
    </ClInclude>
    <ClInclude Include="ResultMozi.h">
      <Filter>ヘッダー ファイル\System\UI\Result</Filter>
    </ClInclude>
    <ClInclude Include="ResultScore.h">
      <Filter>ヘッダー ファイル\System\UI\Result</Filter>
    </ClInclude>
  </ItemGroup>
  <ItemGroup>
    <FxCompile Include="VS_Model.hlsl">
      <Filter>リソース ファイル\VertexShader</Filter>
    </FxCompile>
  </ItemGroup>
</Project>